
Microsoft Visual Studio Solution File, Format Version 12.00
# Visual Studio 14
VisualStudioVersion = 14.0.23107.0
MinimumVisualStudioVersion = 10.0.40219.1
Project("{FAE04EC0-301F-11D3-BF4B-00C04F79EFBC}") = "集团客运综合管理系统服务端", "集团客运综合管理系统服务端\集团客运综合管理系统服务端.csproj", "{3E119A40-0D0C-473D-BFD3-5C8CA77C6E17}"
EndProject
Project("{FAE04EC0-301F-11D3-BF4B-00C04F79EFBC}") = "DALPublic", "DALPublic\DALPublic.csproj", "{6E36C27E-B7C5-40DD-B5D0-F0733C5A25CA}"
EndProject
Project("{FAE04EC0-301F-11D3-BF4B-00C04F79EFBC}") = "BLL集团客运综合管理", "BLL集团客运综合管理\BLL集团客运综合管理.csproj", "{AC5E3072-32B8-4696-84EE-9FA1CE3BE8C4}"
EndProject
Global
	GlobalSection(SolutionConfigurationPlatforms) = preSolution
		Debug|Any CPU = Debug|Any CPU
		Release|Any CPU = Release|Any CPU
	EndGlobalSection
	GlobalSection(ProjectConfigurationPlatforms) = postSolution
		{3E119A40-0D0C-473D-BFD3-5C8CA77C6E17}.Debug|Any CPU.ActiveCfg = Debug|Any CPU
		{3E119A40-0D0C-473D-BFD3-5C8CA77C6E17}.Debug|Any CPU.Build.0 = Debug|Any CPU
		{3E119A40-0D0C-473D-BFD3-5C8CA77C6E17}.Release|Any CPU.ActiveCfg = Release|Any CPU
		{3E119A40-0D0C-473D-BFD3-5C8CA77C6E17}.Release|Any CPU.Build.0 = Release|Any CPU
		{6E36C27E-B7C5-40DD-B5D0-F0733C5A25CA}.Debug|Any CPU.ActiveCfg = Debug|Any CPU
		{6E36C27E-B7C5-40DD-B5D0-F0733C5A25CA}.Debug|Any CPU.Build.0 = Debug|Any CPU
		{6E36C27E-B7C5-40DD-B5D0-F0733C5A25CA}.Release|Any CPU.ActiveCfg = Release|Any CPU
		{6E36C27E-B7C5-40DD-B5D0-F0733C5A25CA}.Release|Any CPU.Build.0 = Release|Any CPU
		{AC5E3072-32B8-4696-84EE-9FA1CE3BE8C4}.Debug|Any CPU.ActiveCfg = Debug|Any CPU
		{AC5E3072-32B8-4696-84EE-9FA1CE3BE8C4}.Debug|Any CPU.Build.0 = Debug|Any CPU
		{AC5E3072-32B8-4696-84EE-9FA1CE3BE8C4}.Release|Any CPU.ActiveCfg = Release|Any CPU
		{AC5E3072-32B8-4696-84EE-9FA1CE3BE8C4}.Release|Any CPU.Build.0 = Release|Any CPU
	EndGlobalSection
	GlobalSection(SolutionProperties) = preSolution
		HideSolutionNode = FALSE
	EndGlobalSection
EndGlobal
